
Microsoft Visual Studio Solution File, Format Version 12.00
# Visual Studio 15
VisualStudioVersion = 15.0.27428.2002
MinimumVisualStudioVersion = 10.0.40219.1
Project("{9A19103F-16F7-4668-BE54-9A1E7A4F7556}") = "DigitalDealers.Client", "DigitalDealers.Client\DigitalDealers.Client.csproj", "{7BB359F2-A802-4286-9CCE-D51EE9460139}"
EndProject
Project("{FAE04EC0-301F-11D3-BF4B-00C04F79EFBC}") = "DigitalDealers.Test", "DigitalDealers.Test\DigitalDealers.Test.csproj", "{E9CDFE0D-AD78-4304-B3C5-317B991CFE7B}"
EndProject
Global
	GlobalSection(SolutionConfigurationPlatforms) = preSolution
		Debug|Any CPU = Debug|Any CPU
		Release|Any CPU = Release|Any CPU
	EndGlobalSection
	GlobalSection(ProjectConfigurationPlatforms) = postSolution
		{7BB359F2-A802-4286-9CCE-D51EE9460139}.Debug|Any CPU.ActiveCfg = Debug|Any CPU
		{7BB359F2-A802-4286-9CCE-D51EE9460139}.Debug|Any CPU.Build.0 = Debug|Any CPU
		{7BB359F2-A802-4286-9CCE-D51EE9460139}.Release|Any CPU.ActiveCfg = Release|Any CPU
		{7BB359F2-A802-4286-9CCE-D51EE9460139}.Release|Any CPU.Build.0 = Release|Any CPU
		{E9CDFE0D-AD78-4304-B3C5-317B991CFE7B}.Debug|Any CPU.ActiveCfg = Debug|Any CPU
		{E9CDFE0D-AD78-4304-B3C5-317B991CFE7B}.Debug|Any CPU.Build.0 = Debug|Any CPU
		{E9CDFE0D-AD78-4304-B3C5-317B991CFE7B}.Release|Any CPU.ActiveCfg = Release|Any CPU
		{E9CDFE0D-AD78-4304-B3C5-317B991CFE7B}.Release|Any CPU.Build.0 = Release|Any CPU
	EndGlobalSection
	GlobalSection(SolutionProperties) = preSolution
		HideSolutionNode = FALSE
	EndGlobalSection
	GlobalSection(ExtensibilityGlobals) = postSolution
		SolutionGuid = {03FA0C0B-C88E-4694-A9B6-D7934E4F01BD}
	EndGlobalSection
EndGlobal
